
Microsoft Visual Studio Solution File, Format Version 12.00
# Visual Studio Version 17
VisualStudioVersion = 17.0.32112.339
MinimumVisualStudioVersion = 10.0.40219.1
Project("{2150E333-8FDC-42A3-9474-1A3956D46DE8}") = "ClientAddon", "ClientAddon", "{5C1AC94E-306F-47E1-86EC-CE91C3CBC5EE}"
EndProject
Project("{2150E333-8FDC-42A3-9474-1A3956D46DE8}") = "Solution Items", "Solution Items", "{BCD18ABB-93BA-47E9-AD3E-03EA965840BE}"
	ProjectSection(SolutionItems) = preProject
		Instructions.md = Instructions.md
		README.md = README.md
	EndProjectSection
EndProject
Project("{9A19103F-16F7-4668-BE54-9A1E7A4F7556}") = "MerkleFileServer.Addon.AsClient", "src\MerkleFileServer.Addon.AsClient\MerkleFileServer.Addon.AsClient.csproj", "{0983A5DB-DECC-44C7-9525-9740F1E3ECA3}"
EndProject
Project("{9A19103F-16F7-4668-BE54-9A1E7A4F7556}") = "MerkleFileServer.Domain", "src\MerkleFileServer.Domain\MerkleFileServer.Domain.csproj", "{AF3833D1-E1D6-47A8-8473-D3D8C1B26353}"
EndProject
Project("{9A19103F-16F7-4668-BE54-9A1E7A4F7556}") = "MerkleFileServer.Infrastructure", "src\MerkleFileServer.Infrastructure\MerkleFileServer.Infrastructure.csproj", "{059EB34B-39B6-4AAB-B398-4305EE4E02A2}"
EndProject
Project("{9A19103F-16F7-4668-BE54-9A1E7A4F7556}") = "MerkleFileServer.Api", "src\MerkleFileServer.Api\MerkleFileServer.Api.csproj", "{834A4E13-01E2-4570-85F7-FFE271DFB7D8}"
EndProject
Project("{9A19103F-16F7-4668-BE54-9A1E7A4F7556}") = "MerkleFileServer.Tests", "src\MerkleFileServer.Tests\MerkleFileServer.Tests.csproj", "{7DC13BD5-2CF4-472F-8372-8AE3F5AB9526}"
EndProject
Project("{9A19103F-16F7-4668-BE54-9A1E7A4F7556}") = "MerkleFileServer.Application", "src\MerkleFileServer.Application\MerkleFileServer.Application.csproj", "{C0DC5B1C-4815-423C-A955-E336CA9A0925}"
EndProject
Global
	GlobalSection(SolutionConfigurationPlatforms) = preSolution
		Debug|Any CPU = Debug|Any CPU
		Release|Any CPU = Release|Any CPU
	EndGlobalSection
	GlobalSection(ProjectConfigurationPlatforms) = postSolution
		{0983A5DB-DECC-44C7-9525-9740F1E3ECA3}.Debug|Any CPU.ActiveCfg = Debug|Any CPU
		{0983A5DB-DECC-44C7-9525-9740F1E3ECA3}.Debug|Any CPU.Build.0 = Debug|Any CPU
		{0983A5DB-DECC-44C7-9525-9740F1E3ECA3}.Release|Any CPU.ActiveCfg = Release|Any CPU
		{0983A5DB-DECC-44C7-9525-9740F1E3ECA3}.Release|Any CPU.Build.0 = Release|Any CPU
		{AF3833D1-E1D6-47A8-8473-D3D8C1B26353}.Debug|Any CPU.ActiveCfg = Debug|Any CPU
		{AF3833D1-E1D6-47A8-8473-D3D8C1B26353}.Debug|Any CPU.Build.0 = Debug|Any CPU
		{AF3833D1-E1D6-47A8-8473-D3D8C1B26353}.Release|Any CPU.ActiveCfg = Release|Any CPU
		{AF3833D1-E1D6-47A8-8473-D3D8C1B26353}.Release|Any CPU.Build.0 = Release|Any CPU
		{059EB34B-39B6-4AAB-B398-4305EE4E02A2}.Debug|Any CPU.ActiveCfg = Debug|Any CPU
		{059EB34B-39B6-4AAB-B398-4305EE4E02A2}.Debug|Any CPU.Build.0 = Debug|Any CPU
		{059EB34B-39B6-4AAB-B398-4305EE4E02A2}.Release|Any CPU.ActiveCfg = Release|Any CPU
		{059EB34B-39B6-4AAB-B398-4305EE4E02A2}.Release|Any CPU.Build.0 = Release|Any CPU
		{834A4E13-01E2-4570-85F7-FFE271DFB7D8}.Debug|Any CPU.ActiveCfg = Debug|Any CPU
		{834A4E13-01E2-4570-85F7-FFE271DFB7D8}.Debug|Any CPU.Build.0 = Debug|Any CPU
		{834A4E13-01E2-4570-85F7-FFE271DFB7D8}.Release|Any CPU.ActiveCfg = Release|Any CPU
		{834A4E13-01E2-4570-85F7-FFE271DFB7D8}.Release|Any CPU.Build.0 = Release|Any CPU
		{7DC13BD5-2CF4-472F-8372-8AE3F5AB9526}.Debug|Any CPU.ActiveCfg = Debug|Any CPU
		{7DC13BD5-2CF4-472F-8372-8AE3F5AB9526}.Debug|Any CPU.Build.0 = Debug|Any CPU
		{7DC13BD5-2CF4-472F-8372-8AE3F5AB9526}.Release|Any CPU.ActiveCfg = Release|Any CPU
		{7DC13BD5-2CF4-472F-8372-8AE3F5AB9526}.Release|Any CPU.Build.0 = Release|Any CPU
		{C0DC5B1C-4815-423C-A955-E336CA9A0925}.Debug|Any CPU.ActiveCfg = Debug|Any CPU
		{C0DC5B1C-4815-423C-A955-E336CA9A0925}.Debug|Any CPU.Build.0 = Debug|Any CPU
		{C0DC5B1C-4815-423C-A955-E336CA9A0925}.Release|Any CPU.ActiveCfg = Release|Any CPU
		{C0DC5B1C-4815-423C-A955-E336CA9A0925}.Release|Any CPU.Build.0 = Release|Any CPU
	EndGlobalSection
	GlobalSection(SolutionProperties) = preSolution
		HideSolutionNode = FALSE
	EndGlobalSection
	GlobalSection(NestedProjects) = preSolution
		{0983A5DB-DECC-44C7-9525-9740F1E3ECA3} = {5C1AC94E-306F-47E1-86EC-CE91C3CBC5EE}
	EndGlobalSection
	GlobalSection(ExtensibilityGlobals) = postSolution
		SolutionGuid = {1E893B95-281D-425F-B130-992A9D5E5229}
	EndGlobalSection
EndGlobal
